
Microsoft Visual Studio Solution File, Format Version 12.00
# Visual Studio Version 16
VisualStudioVersion = 16.0.31702.278
MinimumVisualStudioVersion = 10.0.40219.1
Project("{FAE04EC0-301F-11D3-BF4B-00C04F79EFBC}") = "CAPrac", "CAPrac\CAPrac.csproj", "{F2317DC4-5D3C-42AB-94F5-63F03E9606BA}"
EndProject
Project("{FAE04EC0-301F-11D3-BF4B-00C04F79EFBC}") = "CaPractice", "CaPractice\CaPractice.csproj", "{9BC30A02-4312-4B25-90D8-E5945EF8632A}"
EndProject
Global
	GlobalSection(SolutionConfigurationPlatforms) = preSolution
		Debug|Any CPU = Debug|Any CPU
		Release|Any CPU = Release|Any CPU
	EndGlobalSection
	GlobalSection(ProjectConfigurationPlatforms) = postSolution
		{F2317DC4-5D3C-42AB-94F5-63F03E9606BA}.Debug|Any CPU.ActiveCfg = Debug|Any CPU
		{F2317DC4-5D3C-42AB-94F5-63F03E9606BA}.Debug|Any CPU.Build.0 = Debug|Any CPU
		{F2317DC4-5D3C-42AB-94F5-63F03E9606BA}.Release|Any CPU.ActiveCfg = Release|Any CPU
		{F2317DC4-5D3C-42AB-94F5-63F03E9606BA}.Release|Any CPU.Build.0 = Release|Any CPU
		{9BC30A02-4312-4B25-90D8-E5945EF8632A}.Debug|Any CPU.ActiveCfg = Debug|Any CPU
		{9BC30A02-4312-4B25-90D8-E5945EF8632A}.Debug|Any CPU.Build.0 = Debug|Any CPU
		{9BC30A02-4312-4B25-90D8-E5945EF8632A}.Release|Any CPU.ActiveCfg = Release|Any CPU
		{9BC30A02-4312-4B25-90D8-E5945EF8632A}.Release|Any CPU.Build.0 = Release|Any CPU
	EndGlobalSection
	GlobalSection(SolutionProperties) = preSolution
		HideSolutionNode = FALSE
	EndGlobalSection
	GlobalSection(ExtensibilityGlobals) = postSolution
		SolutionGuid = {B1D7E633-D934-464E-ACCB-3A9C8244F08A}
	EndGlobalSection
EndGlobal
